
Microsoft Visual Studio Solution File, Format Version 12.00
# Visual Studio Version 17
VisualStudioVersion = 17.8.34330.188
MinimumVisualStudioVersion = 10.0.40219.1
Project("{FAE04EC0-301F-11D3-BF4B-00C04F79EFBC}") = "ConsoleApp4", "ConsoleApp4\ConsoleApp4.csproj", "{A4140A51-4745-4374-B5A1-CAFED6EFB434}"
EndProject
Project("{FAE04EC0-301F-11D3-BF4B-00C04F79EFBC}") = "CiCdDemo.Tests", "CiCdDemo.Tests\CiCdDemo.Tests.csproj", "{A46E1FCF-BD63-4E03-9D4B-360CD27A2879}"
EndProject
Global
	GlobalSection(SolutionConfigurationPlatforms) = preSolution
		Debug|Any CPU = Debug|Any CPU
		Release|Any CPU = Release|Any CPU
	EndGlobalSection
	GlobalSection(ProjectConfigurationPlatforms) = postSolution
		{A4140A51-4745-4374-B5A1-CAFED6EFB434}.Debug|Any CPU.ActiveCfg = Debug|Any CPU
		{A4140A51-4745-4374-B5A1-CAFED6EFB434}.Debug|Any CPU.Build.0 = Debug|Any CPU
		{A4140A51-4745-4374-B5A1-CAFED6EFB434}.Release|Any CPU.ActiveCfg = Release|Any CPU
		{A4140A51-4745-4374-B5A1-CAFED6EFB434}.Release|Any CPU.Build.0 = Release|Any CPU
		{A46E1FCF-BD63-4E03-9D4B-360CD27A2879}.Debug|Any CPU.ActiveCfg = Debug|Any CPU
		{A46E1FCF-BD63-4E03-9D4B-360CD27A2879}.Debug|Any CPU.Build.0 = Debug|Any CPU
		{A46E1FCF-BD63-4E03-9D4B-360CD27A2879}.Release|Any CPU.ActiveCfg = Release|Any CPU
		{A46E1FCF-BD63-4E03-9D4B-360CD27A2879}.Release|Any CPU.Build.0 = Release|Any CPU
	EndGlobalSection
	GlobalSection(SolutionProperties) = preSolution
		HideSolutionNode = FALSE
	EndGlobalSection
	GlobalSection(ExtensibilityGlobals) = postSolution
		SolutionGuid = {6CDBCAA9-6C4A-44BB-B634-DADDED49E9DD}
	EndGlobalSection
EndGlobal
